// !$*UTF8*$!
{
	archiveVersion = 1;
	classes = {
	};
	objectVersion = 77;
	objects = {

/* Begin PBXBuildFile section */
		02E9CF9A76274F968FB0C355 /* UserService.swift in Sources */ = {isa = PBXBuildFile; fileRef = 0ABA0F2582C24769BAB1DC82 /* UserService.swift */; };
		100F95A5F9E84BAEBFD55E7B /* UserSearchViewModel.swift in Sources */ = {isa = PBXBuildFile; fileRef = 5794C8682F40473A8C55E444 /* UserSearchViewModel.swift */; };
		216E95ED483740689AA60A6B /* ConversationListView.swift in Sources */ = {isa = PBXBuildFile; fileRef = 423658EC965042C1A7FE86D1 /* ConversationListView.swift */; };
		27CC388081824ED590F4D5D1 /* UsernameSetupView.swift in Sources */ = {isa = PBXBuildFile; fileRef = 3E6CF3CADB84427FB12E26C9 /* UsernameSetupView.swift */; };
		2E7AC8CA829D483F83DC6D9B /* ContentView.swift in Sources */ = {isa = PBXBuildFile; fileRef = E8185752A28C447EBB5B7DAE /* ContentView.swift */; };
		3A5E597516384070A738C64F /* MessageBubbleView.swift in Sources */ = {isa = PBXBuildFile; fileRef = BADB609166854CFDBB4DADEF /* MessageBubbleView.swift */; };
		3AFE6B10E116437EA633B74C /* ModelContainerProvider.swift in Sources */ = {isa = PBXBuildFile; fileRef = A5839973AD0D4BDB9D81341A /* ModelContainerProvider.swift */; };
		3DBBA20B020742E78D449397 /* Contact.swift in Sources */ = {isa = PBXBuildFile; fileRef = 95A3CC89425D466497B1E4EB /* Contact.swift */; };
		3EAB3F30FB8A4E1F8D54A6C1 /* FirebaseStorage in Frameworks */ = {isa = PBXBuildFile; productRef = C6FCEC6F90834969A4F95C50 /* FirebaseStorage */; };
		3FD8899EAB8E4B059E1488EC /* FirebaseAuth in Frameworks */ = {isa = PBXBuildFile; productRef = 6E39A41C942547E8B7EE44C2 /* FirebaseAuth */; };
		5574CF2C0B86499B8F1E4514 /* ConversationService.swift in Sources */ = {isa = PBXBuildFile; fileRef = A8CE9F70F03D46E592E42446 /* ConversationService.swift */; };
		619D531BA1B845BA8E7853F0 /* SignUpView.swift in Sources */ = {isa = PBXBuildFile; fileRef = DC10D6B42EA24532B29AE77D /* SignUpView.swift */; };
		6697A48E6A9F47A896207B11 /* FirebaseFirestore in Frameworks */ = {isa = PBXBuildFile; productRef = 288ADFEBB8BE48BE9E652FB8 /* FirebaseFirestore */; };
		6FDAA623FDAD4242B52B6FF7 /* Conversation.swift in Sources */ = {isa = PBXBuildFile; fileRef = 3F7EAC19C2F249B9BF1BD429 /* Conversation.swift */; };
		70B660A3551B4A9FAA7448CB /* User.swift in Sources */ = {isa = PBXBuildFile; fileRef = B003A9BC41374F9DB40AC8B1 /* User.swift */; };
		754D2B0F3B104F1FAA9B5F09 /* Assets.xcassets in Resources */ = {isa = PBXBuildFile; fileRef = 8F854AD327B649A197F02BD4 /* Assets.xcassets */; };
		7FDAA8125A814F6EB6B82531 /* SheetMusicAttachment.swift in Sources */ = {isa = PBXBuildFile; fileRef = 5D5E4F07C1F4414B8AF09D42 /* SheetMusicAttachment.swift */; };
		9360663A67CF4AAEAB8381B4 /* ContactRowView.swift in Sources */ = {isa = PBXBuildFile; fileRef = CE82A9DC6DC148BAA52A9AA2 /* ContactRowView.swift */; };
		9F1A0D9CF51D4B1BBE0B28A7 /* MusicEditContext.swift in Sources */ = {isa = PBXBuildFile; fileRef = 4B9F6AA1D5F04403B75A02AC /* MusicEditContext.swift */; };
		A04263D0F41C4B0C933BCAEA /* TypingIndicator.swift in Sources */ = {isa = PBXBuildFile; fileRef = 900E4AAE00A846F7BA95C5D9 /* TypingIndicator.swift */; };
		A538E6192965452899E39BE9 /* FirebaseCore in Frameworks */ = {isa = PBXBuildFile; productRef = FAB6D69668D442FA976A2138 /* FirebaseCore */; };
		A7C9D5E3F8B6465A9C1E2D4B /* MusicSheetService.swift in Sources */ = {isa = PBXBuildFile; fileRef = 8B1D0E2C5F7143728B4E90A7 /* MusicSheetService.swift */; };
		A9A82480CE46414F84782A3D /* FirebaseConfig.swift in Sources */ = {isa = PBXBuildFile; fileRef = AF9F06FCAF2149F2BE5D9255 /* FirebaseConfig.swift */; };
		B1263DE78AB647E3BD7195F3 /* ConversationRowView.swift in Sources */ = {isa = PBXBuildFile; fileRef = F744435D448C4573A6EEE1B8 /* ConversationRowView.swift */; };
		B5E4C3D2A1F6478E9B0C1D2E /* ABCSheetMusicView.swift in Sources */ = {isa = PBXBuildFile; fileRef = 9C3E2D1B4A5F46E8B7C09A13 /* ABCSheetMusicView.swift */; };
		C3A1F4E528AD4BA7B5F01C34 /* SetlistPlanAttachment.swift in Sources */ = {isa = PBXBuildFile; fileRef = A7F0E5D8C3B14264A1C03F12 /* SetlistPlanAttachment.swift */; };
		C660DEA8ECFA4ABABED841EE /* Message.swift in Sources */ = {isa = PBXBuildFile; fileRef = 1144018F5F2A4D3B98297562 /* Message.swift */; };
		CD48E64F28AA4BD081FBEA9E /* FirebaseMessaging in Frameworks */ = {isa = PBXBuildFile; productRef = DA6230BEE9834489BD35DF5E /* FirebaseMessaging */; };
		D3EF4BF15B324966B500334E /* ContactsView.swift in Sources */ = {isa = PBXBuildFile; fileRef = 860E277FE6574C24BE52EE98 /* ContactsView.swift */; };
		D4B3C2A1E5F6478A9C0D1B23 /* SetlistPlanView.swift in Sources */ = {isa = PBXBuildFile; fileRef = 9EF2D3C4B5A1467890BC12DE /* SetlistPlanView.swift */; };
		D82808578C6D4B099209257F /* messageAIApp.swift in Sources */ = {isa = PBXBuildFile; fileRef = AAAF55338CFB45A6B2F27C52 /* messageAIApp.swift */; };
		D91A65E1E2B84B1D93965B21 /* PDFPreviewView.swift in Sources */ = {isa = PBXBuildFile; fileRef = C1B4A32D1D9E4E0E92F4F1A2 /* PDFPreviewView.swift */; };
		DA1DC9921CDC449E973E0B0E /* ChatView.swift in Sources */ = {isa = PBXBuildFile; fileRef = 963D0ACEB6EE40C59FBD74C8 /* ChatView.swift */; };
		E147160C5341442A95F6C8C0 /* AuthViewModel.swift in Sources */ = {isa = PBXBuildFile; fileRef = B0AD492DA674410EA93D7F33 /* AuthViewModel.swift */; };
		E18CBAAC98B84B7AB7A91EAA /* ConversationListViewModel.swift in Sources */ = {isa = PBXBuildFile; fileRef = 5762D65A1E83402992C5BC17 /* ConversationListViewModel.swift */; };
		E2D0CF58CCEF4FBBA609AD70 /* MessageInputView.swift in Sources */ = {isa = PBXBuildFile; fileRef = B41BCA480E3A4F9B8C2FEA1F /* MessageInputView.swift */; };
		E6D7A43D7B6E427E901F12CF /* AudioRecorderSheet.swift in Sources */ = {isa = PBXBuildFile; fileRef = E6D7A43C7B6E427E901F12CF /* AudioRecorderSheet.swift */; };
		F09755FE717B4A79A3F7BC4A /* AuthService.swift in Sources */ = {isa = PBXBuildFile; fileRef = 6450876F20184FA594E7039B /* AuthService.swift */; };
		F3EA28A5A25D4AFB8C039655 /* MessageService.swift in Sources */ = {isa = PBXBuildFile; fileRef = 54AACC1AFE3542FCAC87F63F /* MessageService.swift */; };
		F3F44FD91D244DF49E03196A /* AppDelegate.swift in Sources */ = {isa = PBXBuildFile; fileRef = B25D1738E3E444FD9C8D30ED /* AppDelegate.swift */; };
		F6AEB6824E0547F28BAC744E /* ChatViewModel.swift in Sources */ = {isa = PBXBuildFile; fileRef = CD1D77A612184075AD5D9179 /* ChatViewModel.swift */; };
		FD19E46DE8524A67A32442C4 /* MainTabView.swift in Sources */ = {isa = PBXBuildFile; fileRef = F533E34B5A9845AD8BC4FF4B /* MainTabView.swift */; };
		FF2983878D454D028496FEE2 /* LoginView.swift in Sources */ = {isa = PBXBuildFile; fileRef = 01783C3DA05B49B6A07225C4 /* LoginView.swift */; };
		FFA6A3C10AD3496192A9B162 /* NotificationService.swift in Sources */ = {isa = PBXBuildFile; fileRef = 122A8490E4BA420F84D0A9E9 /* NotificationService.swift */; };
/* End PBXBuildFile section */

/* Begin PBXFileReference section */
		01783C3DA05B49B6A07225C4 /* LoginView.swift */ = {isa = PBXFileReference; lastKnownFileType = sourcecode.swift; name = LoginView.swift; path = messageAI/Views/Authentication/LoginView.swift; sourceTree = SOURCE_ROOT; };
		0ABA0F2582C24769BAB1DC82 /* UserService.swift */ = {isa = PBXFileReference; lastKnownFileType = sourcecode.swift; name = UserService.swift; path = messageAI/Services/UserService.swift; sourceTree = SOURCE_ROOT; };
		1144018F5F2A4D3B98297562 /* Message.swift */ = {isa = PBXFileReference; lastKnownFileType = sourcecode.swift; name = Message.swift; path = messageAI/Models/Message.swift; sourceTree = SOURCE_ROOT; };
		122A8490E4BA420F84D0A9E9 /* NotificationService.swift */ = {isa = PBXFileReference; lastKnownFileType = sourcecode.swift; name = NotificationService.swift; path = messageAI/Services/NotificationService.swift; sourceTree = SOURCE_ROOT; };
		3E6CF3CADB84427FB12E26C9 /* UsernameSetupView.swift */ = {isa = PBXFileReference; lastKnownFileType = sourcecode.swift; name = UsernameSetupView.swift; path = messageAI/Views/Authentication/UsernameSetupView.swift; sourceTree = SOURCE_ROOT; };
		3F7EAC19C2F249B9BF1BD429 /* Conversation.swift */ = {isa = PBXFileReference; lastKnownFileType = sourcecode.swift; name = Conversation.swift; path = messageAI/Models/Conversation.swift; sourceTree = SOURCE_ROOT; };
		423658EC965042C1A7FE86D1 /* ConversationListView.swift */ = {isa = PBXFileReference; lastKnownFileType = sourcecode.swift; name = ConversationListView.swift; path = messageAI/Views/Main/ConversationListView.swift; sourceTree = SOURCE_ROOT; };
		4B9F6AA1D5F04403B75A02AC /* MusicEditContext.swift */ = {isa = PBXFileReference; lastKnownFileType = sourcecode.swift; name = MusicEditContext.swift; path = messageAI/Models/MusicEditContext.swift; sourceTree = SOURCE_ROOT; };
		54AACC1AFE3542FCAC87F63F /* MessageService.swift */ = {isa = PBXFileReference; lastKnownFileType = sourcecode.swift; name = MessageService.swift; path = messageAI/Services/MessageService.swift; sourceTree = SOURCE_ROOT; };
		55D5B36D2EA6B2D400B48BBB /* messageAI.app */ = {isa = PBXFileReference; explicitFileType = wrapper.application; includeInIndex = 0; path = messageAI.app; sourceTree = BUILT_PRODUCTS_DIR; };
		5762D65A1E83402992C5BC17 /* ConversationListViewModel.swift */ = {isa = PBXFileReference; lastKnownFileType = sourcecode.swift; name = ConversationListViewModel.swift; path = messageAI/ViewModels/ConversationListViewModel.swift; sourceTree = SOURCE_ROOT; };
		5794C8682F40473A8C55E444 /* UserSearchViewModel.swift */ = {isa = PBXFileReference; lastKnownFileType = sourcecode.swift; name = UserSearchViewModel.swift; path = messageAI/ViewModels/UserSearchViewModel.swift; sourceTree = SOURCE_ROOT; };
		5D5E4F07C1F4414B8AF09D42 /* SheetMusicAttachment.swift */ = {isa = PBXFileReference; lastKnownFileType = sourcecode.swift; name = SheetMusicAttachment.swift; path = messageAI/Models/SheetMusicAttachment.swift; sourceTree = SOURCE_ROOT; };
		6450876F20184FA594E7039B /* AuthService.swift */ = {isa = PBXFileReference; lastKnownFileType = sourcecode.swift; name = AuthService.swift; path = messageAI/Services/AuthService.swift; sourceTree = SOURCE_ROOT; };
		860E277FE6574C24BE52EE98 /* ContactsView.swift */ = {isa = PBXFileReference; lastKnownFileType = sourcecode.swift; name = ContactsView.swift; path = messageAI/Views/Contacts/ContactsView.swift; sourceTree = SOURCE_ROOT; };
		8B1D0E2C5F7143728B4E90A7 /* MusicSheetService.swift */ = {isa = PBXFileReference; lastKnownFileType = sourcecode.swift; name = MusicSheetService.swift; path = messageAI/Services/MusicSheetService.swift; sourceTree = SOURCE_ROOT; };
		8F854AD327B649A197F02BD4 /* Assets.xcassets */ = {isa = PBXFileReference; lastKnownFileType = folder.assetcatalog; name = Assets.xcassets; path = messageAI/Resources/Assets.xcassets; sourceTree = SOURCE_ROOT; };
		900E4AAE00A846F7BA95C5D9 /* TypingIndicator.swift */ = {isa = PBXFileReference; lastKnownFileType = sourcecode.swift; name = TypingIndicator.swift; path = messageAI/Models/TypingIndicator.swift; sourceTree = SOURCE_ROOT; };
		95A3CC89425D466497B1E4EB /* Contact.swift */ = {isa = PBXFileReference; lastKnownFileType = sourcecode.swift; name = Contact.swift; path = messageAI/Models/Contact.swift; sourceTree = SOURCE_ROOT; };
		963D0ACEB6EE40C59FBD74C8 /* ChatView.swift */ = {isa = PBXFileReference; lastKnownFileType = sourcecode.swift; name = ChatView.swift; path = messageAI/Views/Chat/ChatView.swift; sourceTree = SOURCE_ROOT; };
		9C3E2D1B4A5F46E8B7C09A13 /* ABCSheetMusicView.swift */ = {isa = PBXFileReference; lastKnownFileType = sourcecode.swift; name = ABCSheetMusicView.swift; path = messageAI/Views/Components/ABCSheetMusicView.swift; sourceTree = SOURCE_ROOT; };
		9EF2D3C4B5A1467890BC12DE /* SetlistPlanView.swift */ = {isa = PBXFileReference; lastKnownFileType = sourcecode.swift; name = SetlistPlanView.swift; path = messageAI/Views/Components/SetlistPlanView.swift; sourceTree = SOURCE_ROOT; };
		A5839973AD0D4BDB9D81341A /* ModelContainerProvider.swift */ = {isa = PBXFileReference; lastKnownFileType = sourcecode.swift; name = ModelContainerProvider.swift; path = messageAI/Persistence/ModelContainerProvider.swift; sourceTree = SOURCE_ROOT; };
		A7F0E5D8C3B14264A1C03F12 /* SetlistPlanAttachment.swift */ = {isa = PBXFileReference; lastKnownFileType = sourcecode.swift; name = SetlistPlanAttachment.swift; path = messageAI/Models/SetlistPlanAttachment.swift; sourceTree = SOURCE_ROOT; };
		A8CE9F70F03D46E592E42446 /* ConversationService.swift */ = {isa = PBXFileReference; lastKnownFileType = sourcecode.swift; name = ConversationService.swift; path = messageAI/Services/ConversationService.swift; sourceTree = SOURCE_ROOT; };
		AAAF55338CFB45A6B2F27C52 /* messageAIApp.swift */ = {isa = PBXFileReference; lastKnownFileType = sourcecode.swift; name = messageAIApp.swift; path = messageAI/App/messageAIApp.swift; sourceTree = SOURCE_ROOT; };
		AF9F06FCAF2149F2BE5D9255 /* FirebaseConfig.swift */ = {isa = PBXFileReference; lastKnownFileType = sourcecode.swift; name = FirebaseConfig.swift; path = messageAI/Config/FirebaseConfig.swift; sourceTree = SOURCE_ROOT; };
		B003A9BC41374F9DB40AC8B1 /* User.swift */ = {isa = PBXFileReference; lastKnownFileType = sourcecode.swift; name = User.swift; path = messageAI/Models/User.swift; sourceTree = SOURCE_ROOT; };
		B0AD492DA674410EA93D7F33 /* AuthViewModel.swift */ = {isa = PBXFileReference; lastKnownFileType = sourcecode.swift; name = AuthViewModel.swift; path = messageAI/ViewModels/AuthViewModel.swift; sourceTree = SOURCE_ROOT; };
		B25D1738E3E444FD9C8D30ED /* AppDelegate.swift */ = {isa = PBXFileReference; lastKnownFileType = sourcecode.swift; name = AppDelegate.swift; path = messageAI/App/AppDelegate.swift; sourceTree = SOURCE_ROOT; };
		B41BCA480E3A4F9B8C2FEA1F /* MessageInputView.swift */ = {isa = PBXFileReference; lastKnownFileType = sourcecode.swift; name = MessageInputView.swift; path = messageAI/Views/Chat/MessageInputView.swift; sourceTree = SOURCE_ROOT; };
		BADB609166854CFDBB4DADEF /* MessageBubbleView.swift */ = {isa = PBXFileReference; lastKnownFileType = sourcecode.swift; name = MessageBubbleView.swift; path = messageAI/Views/Chat/MessageBubbleView.swift; sourceTree = SOURCE_ROOT; };
		C1B4A32D1D9E4E0E92F4F1A2 /* PDFPreviewView.swift */ = {isa = PBXFileReference; lastKnownFileType = sourcecode.swift; name = PDFPreviewView.swift; path = messageAI/Views/Components/PDFPreviewView.swift; sourceTree = SOURCE_ROOT; };
		CD1D77A612184075AD5D9179 /* ChatViewModel.swift */ = {isa = PBXFileReference; lastKnownFileType = sourcecode.swift; name = ChatViewModel.swift; path = messageAI/ViewModels/ChatViewModel.swift; sourceTree = SOURCE_ROOT; };
		CE82A9DC6DC148BAA52A9AA2 /* ContactRowView.swift */ = {isa = PBXFileReference; lastKnownFileType = sourcecode.swift; name = ContactRowView.swift; path = messageAI/Views/Contacts/ContactRowView.swift; sourceTree = SOURCE_ROOT; };
		DC10D6B42EA24532B29AE77D /* SignUpView.swift */ = {isa = PBXFileReference; lastKnownFileType = sourcecode.swift; name = SignUpView.swift; path = messageAI/Views/Authentication/SignUpView.swift; sourceTree = SOURCE_ROOT; };
		E6D7A43C7B6E427E901F12CF /* AudioRecorderSheet.swift */ = {isa = PBXFileReference; lastKnownFileType = sourcecode.swift; name = AudioRecorderSheet.swift; path = messageAI/Views/Components/AudioRecorderSheet.swift; sourceTree = SOURCE_ROOT; };
		E8185752A28C447EBB5B7DAE /* ContentView.swift */ = {isa = PBXFileReference; lastKnownFileType = sourcecode.swift; name = ContentView.swift; path = messageAI/Views/Main/ContentView.swift; sourceTree = SOURCE_ROOT; };
		F533E34B5A9845AD8BC4FF4B /* MainTabView.swift */ = {isa = PBXFileReference; lastKnownFileType = sourcecode.swift; name = MainTabView.swift; path = messageAI/Views/Main/MainTabView.swift; sourceTree = SOURCE_ROOT; };
		F744435D448C4573A6EEE1B8 /* ConversationRowView.swift */ = {isa = PBXFileReference; lastKnownFileType = sourcecode.swift; name = ConversationRowView.swift; path = messageAI/Views/Main/ConversationRowView.swift; sourceTree = SOURCE_ROOT; };
/* End PBXFileReference section */

/* Begin PBXFileSystemSynchronizedRootGroup section */
		55D5B36F2EA6B2D400B48BBB /* messageAI */ = {
			isa = PBXFileSystemSynchronizedRootGroup;
			path = messageAI;
			sourceTree = "<group>";
		};
/* End PBXFileSystemSynchronizedRootGroup section */

/* Begin PBXFrameworksBuildPhase section */
		55D5B36A2EA6B2D400B48BBB /* Frameworks */ = {
			isa = PBXFrameworksBuildPhase;
			buildActionMask = 2147483647;
			files = (
				3FD8899EAB8E4B059E1488EC /* FirebaseAuth in Frameworks */,
				6697A48E6A9F47A896207B11 /* FirebaseFirestore in Frameworks */,
				3EAB3F30FB8A4E1F8D54A6C1 /* FirebaseStorage in Frameworks */,
				CD48E64F28AA4BD081FBEA9E /* FirebaseMessaging in Frameworks */,
				A538E6192965452899E39BE9 /* FirebaseCore in Frameworks */,
			);
			runOnlyForDeploymentPostprocessing = 0;
		};
/* End PBXFrameworksBuildPhase section */

/* Begin PBXGroup section */
		55D5B3642EA6B2D400B48BBB = {
			isa = PBXGroup;
			children = (
				55D5B36F2EA6B2D400B48BBB /* messageAI */,
				55D5B36E2EA6B2D400B48BBB /* Products */,
				55D5B39F2EA6D59900B48BBB /* Recovered References */,
			);
			sourceTree = "<group>";
		};
		55D5B36E2EA6B2D400B48BBB /* Products */ = {
			isa = PBXGroup;
			children = (
				55D5B36D2EA6B2D400B48BBB /* messageAI.app */,
			);
			name = Products;
			sourceTree = "<group>";
		};
		55D5B39F2EA6D59900B48BBB /* Recovered References */ = {
			isa = PBXGroup;
			children = (
				AAAF55338CFB45A6B2F27C52 /* messageAIApp.swift */,
				B25D1738E3E444FD9C8D30ED /* AppDelegate.swift */,
				AF9F06FCAF2149F2BE5D9255 /* FirebaseConfig.swift */,
				01783C3DA05B49B6A07225C4 /* LoginView.swift */,
				DC10D6B42EA24532B29AE77D /* SignUpView.swift */,
				3E6CF3CADB84427FB12E26C9 /* UsernameSetupView.swift */,
				E8185752A28C447EBB5B7DAE /* ContentView.swift */,
				F533E34B5A9845AD8BC4FF4B /* MainTabView.swift */,
				B003A9BC41374F9DB40AC8B1 /* User.swift */,
				3F7EAC19C2F249B9BF1BD429 /* Conversation.swift */,
				1144018F5F2A4D3B98297562 /* Message.swift */,
				5D5E4F07C1F4414B8AF09D42 /* SheetMusicAttachment.swift */,
				A7F0E5D8C3B14264A1C03F12 /* SetlistPlanAttachment.swift */,
				4B9F6AA1D5F04403B75A02AC /* MusicEditContext.swift */,
				900E4AAE00A846F7BA95C5D9 /* TypingIndicator.swift */,
				95A3CC89425D466497B1E4EB /* Contact.swift */,
				8F854AD327B649A197F02BD4 /* Assets.xcassets */,
				A5839973AD0D4BDB9D81341A /* ModelContainerProvider.swift */,
				6450876F20184FA594E7039B /* AuthService.swift */,
				A8CE9F70F03D46E592E42446 /* ConversationService.swift */,
				54AACC1AFE3542FCAC87F63F /* MessageService.swift */,
				8B1D0E2C5F7143728B4E90A7 /* MusicSheetService.swift */,
				122A8490E4BA420F84D0A9E9 /* NotificationService.swift */,
				0ABA0F2582C24769BAB1DC82 /* UserService.swift */,
				B0AD492DA674410EA93D7F33 /* AuthViewModel.swift */,
				5794C8682F40473A8C55E444 /* UserSearchViewModel.swift */,
				5762D65A1E83402992C5BC17 /* ConversationListViewModel.swift */,
				CD1D77A612184075AD5D9179 /* ChatViewModel.swift */,
				860E277FE6574C24BE52EE98 /* ContactsView.swift */,
				423658EC965042C1A7FE86D1 /* ConversationListView.swift */,
				F744435D448C4573A6EEE1B8 /* ConversationRowView.swift */,
				963D0ACEB6EE40C59FBD74C8 /* ChatView.swift */,
				BADB609166854CFDBB4DADEF /* MessageBubbleView.swift */,
				9C3E2D1B4A5F46E8B7C09A13 /* ABCSheetMusicView.swift */,
				9EF2D3C4B5A1467890BC12DE /* SetlistPlanView.swift */,
				C1B4A32D1D9E4E0E92F4F1A2 /* PDFPreviewView.swift */,
				B41BCA480E3A4F9B8C2FEA1F /* MessageInputView.swift */,
				E6D7A43C7B6E427E901F12CF /* AudioRecorderSheet.swift */,
				CE82A9DC6DC148BAA52A9AA2 /* ContactRowView.swift */,
			);
			name = "Recovered References";
			sourceTree = "<group>";
		};
/* End PBXGroup section */

/* Begin PBXNativeTarget section */
		55D5B36C2EA6B2D400B48BBB /* messageAI */ = {
			isa = PBXNativeTarget;
			buildConfigurationList = 55D5B3782EA6B2D500B48BBB /* Build configuration list for PBXNativeTarget "messageAI" */;
			buildPhases = (
				55D5B3692EA6B2D400B48BBB /* Sources */,
				55D5B36A2EA6B2D400B48BBB /* Frameworks */,
				55D5B36B2EA6B2D400B48BBB /* Resources */,
			);
			buildRules = (
			);
			dependencies = (
			);
			fileSystemSynchronizedGroups = (
				55D5B36F2EA6B2D400B48BBB /* messageAI */,
			);
			name = messageAI;
			packageProductDependencies = (
				6E39A41C942547E8B7EE44C2 /* FirebaseAuth */,
				288ADFEBB8BE48BE9E652FB8 /* FirebaseFirestore */,
				C6FCEC6F90834969A4F95C50 /* FirebaseStorage */,
				DA6230BEE9834489BD35DF5E /* FirebaseMessaging */,
				FAB6D69668D442FA976A2138 /* FirebaseCore */,
			);
			productName = messageAI;
			productReference = 55D5B36D2EA6B2D400B48BBB /* messageAI.app */;
			productType = "com.apple.product-type.application";
		};
/* End PBXNativeTarget section */

/* Begin PBXProject section */
		55D5B3652EA6B2D400B48BBB /* Project object */ = {
			isa = PBXProject;
			attributes = {
				BuildIndependentTargetsInParallel = 1;
				LastSwiftUpdateCheck = 2600;
				LastUpgradeCheck = 2600;
				TargetAttributes = {
					55D5B36C2EA6B2D400B48BBB = {
						CreatedOnToolsVersion = 26.0.1;
					};
				};
			};
			buildConfigurationList = 55D5B3682EA6B2D400B48BBB /* Build configuration list for PBXProject "messageAI" */;
			developmentRegion = en;
			hasScannedForEncodings = 0;
			knownRegions = (
				en,
				Base,
			);
			mainGroup = 55D5B3642EA6B2D400B48BBB;
			minimizedProjectReferenceProxies = 1;
			packageReferences = (
				55D5B58C2EA6DF2600B48BBB /* XCRemoteSwiftPackageReference "firebase-ios-sdk" */,
			);
			preferredProjectObjectVersion = 77;
			productRefGroup = 55D5B36E2EA6B2D400B48BBB /* Products */;
			projectDirPath = "";
			projectRoot = "";
			targets = (
				55D5B36C2EA6B2D400B48BBB /* messageAI */,
			);
		};
/* End PBXProject section */

/* Begin PBXResourcesBuildPhase section */
		55D5B36B2EA6B2D400B48BBB /* Resources */ = {
			isa = PBXResourcesBuildPhase;
			buildActionMask = 2147483647;
			files = (
				754D2B0F3B104F1FAA9B5F09 /* Assets.xcassets in Resources */,
			);
			runOnlyForDeploymentPostprocessing = 0;
		};
/* End PBXResourcesBuildPhase section */

/* Begin PBXSourcesBuildPhase section */
		55D5B3692EA6B2D400B48BBB /* Sources */ = {
			isa = PBXSourcesBuildPhase;
			buildActionMask = 2147483647;
			files = (
				D82808578C6D4B099209257F /* messageAIApp.swift in Sources */,
				F3F44FD91D244DF49E03196A /* AppDelegate.swift in Sources */,
				A9A82480CE46414F84782A3D /* FirebaseConfig.swift in Sources */,
				FF2983878D454D028496FEE2 /* LoginView.swift in Sources */,
				619D531BA1B845BA8E7853F0 /* SignUpView.swift in Sources */,
				27CC388081824ED590F4D5D1 /* UsernameSetupView.swift in Sources */,
				2E7AC8CA829D483F83DC6D9B /* ContentView.swift in Sources */,
				FD19E46DE8524A67A32442C4 /* MainTabView.swift in Sources */,
				70B660A3551B4A9FAA7448CB /* User.swift in Sources */,
				6FDAA623FDAD4242B52B6FF7 /* Conversation.swift in Sources */,
				C660DEA8ECFA4ABABED841EE /* Message.swift in Sources */,
				7FDAA8125A814F6EB6B82531 /* SheetMusicAttachment.swift in Sources */,
				9F1A0D9CF51D4B1BBE0B28A7 /* MusicEditContext.swift in Sources */,
				A04263D0F41C4B0C933BCAEA /* TypingIndicator.swift in Sources */,
				3DBBA20B020742E78D449397 /* Contact.swift in Sources */,
				02E9CF9A76274F968FB0C355 /* UserService.swift in Sources */,
				5574CF2C0B86499B8F1E4514 /* ConversationService.swift in Sources */,
				F3EA28A5A25D4AFB8C039655 /* MessageService.swift in Sources */,
				A7C9D5E3F8B6465A9C1E2D4B /* MusicSheetService.swift in Sources */,
				FFA6A3C10AD3496192A9B162 /* NotificationService.swift in Sources */,
				100F95A5F9E84BAEBFD55E7B /* UserSearchViewModel.swift in Sources */,
				E18CBAAC98B84B7AB7A91EAA /* ConversationListViewModel.swift in Sources */,
				F6AEB6824E0547F28BAC744E /* ChatViewModel.swift in Sources */,
				D3EF4BF15B324966B500334E /* ContactsView.swift in Sources */,
				216E95ED483740689AA60A6B /* ConversationListView.swift in Sources */,
				B1263DE78AB647E3BD7195F3 /* ConversationRowView.swift in Sources */,
				DA1DC9921CDC449E973E0B0E /* ChatView.swift in Sources */,
				3A5E597516384070A738C64F /* MessageBubbleView.swift in Sources */,
				B5E4C3D2A1F6478E9B0C1D2E /* ABCSheetMusicView.swift in Sources */,
				D4B3C2A1E5F6478A9C0D1B23 /* SetlistPlanView.swift in Sources */,
				D91A65E1E2B84B1D93965B21 /* PDFPreviewView.swift in Sources */,
				E2D0CF58CCEF4FBBA609AD70 /* MessageInputView.swift in Sources */,
				E6D7A43D7B6E427E901F12CF /* AudioRecorderSheet.swift in Sources */,
				9360663A67CF4AAEAB8381B4 /* ContactRowView.swift in Sources */,
				F09755FE717B4A79A3F7BC4A /* AuthService.swift in Sources */,
				E147160C5341442A95F6C8C0 /* AuthViewModel.swift in Sources */,
				3AFE6B10E116437EA633B74C /* ModelContainerProvider.swift in Sources */,
				C3A1F4E528AD4BA7B5F01C34 /* SetlistPlanAttachment.swift in Sources */,
			);
			runOnlyForDeploymentPostprocessing = 0;
		};
/* End PBXSourcesBuildPhase section */

/* Begin XCBuildConfiguration section */
		55D5B3762EA6B2D500B48BBB /* Debug */ = {
			isa = XCBuildConfiguration;
			buildSettings = {
				ALWAYS_SEARCH_USER_PATHS = NO;
				ASSETCATALOG_COMPILER_GENERATE_SWIFT_ASSET_SYMBOL_EXTENSIONS = YES;
				CLANG_ANALYZER_NONNULL = YES;
				CLANG_ANALYZER_NUMBER_OBJECT_CONVERSION = YES_AGGRESSIVE;
				CLANG_CXX_LANGUAGE_STANDARD = "gnu++20";
				CLANG_ENABLE_MODULES = YES;
				CLANG_ENABLE_OBJC_ARC = YES;
				CLANG_ENABLE_OBJC_WEAK = YES;
				CLANG_WARN_BLOCK_CAPTURE_AUTORELEASING = YES;
				CLANG_WARN_BOOL_CONVERSION = YES;
				CLANG_WARN_COMMA = YES;
				CLANG_WARN_CONSTANT_CONVERSION = YES;
				CLANG_WARN_DEPRECATED_OBJC_IMPLEMENTATIONS = YES;
				CLANG_WARN_DIRECT_OBJC_ISA_USAGE = YES_ERROR;
				CLANG_WARN_DOCUMENTATION_COMMENTS = YES;
				CLANG_WARN_EMPTY_BODY = YES;
				CLANG_WARN_ENUM_CONVERSION = YES;
				CLANG_WARN_INFINITE_RECURSION = YES;
				CLANG_WARN_INT_CONVERSION = YES;
				CLANG_WARN_NON_LITERAL_NULL_CONVERSION = YES;
				CLANG_WARN_OBJC_IMPLICIT_RETAIN_SELF = YES;
				CLANG_WARN_OBJC_LITERAL_CONVERSION = YES;
				CLANG_WARN_OBJC_ROOT_CLASS = YES_ERROR;
				CLANG_WARN_QUOTED_INCLUDE_IN_FRAMEWORK_HEADER = YES;
				CLANG_WARN_RANGE_LOOP_ANALYSIS = YES;
				CLANG_WARN_STRICT_PROTOTYPES = YES;
				CLANG_WARN_SUSPICIOUS_MOVE = YES;
				CLANG_WARN_UNGUARDED_AVAILABILITY = YES_AGGRESSIVE;
				CLANG_WARN_UNREACHABLE_CODE = YES;
				CLANG_WARN__DUPLICATE_METHOD_MATCH = YES;
				COPY_PHASE_STRIP = NO;
				DEBUG_INFORMATION_FORMAT = dwarf;
				ENABLE_STRICT_OBJC_MSGSEND = YES;
				ENABLE_TESTABILITY = YES;
				ENABLE_USER_SCRIPT_SANDBOXING = YES;
				GCC_C_LANGUAGE_STANDARD = gnu17;
				GCC_DYNAMIC_NO_PIC = NO;
				GCC_NO_COMMON_BLOCKS = YES;
				GCC_OPTIMIZATION_LEVEL = 0;
				GCC_PREPROCESSOR_DEFINITIONS = (
					"DEBUG=1",
					"$(inherited)",
				);
				GCC_WARN_64_TO_32_BIT_CONVERSION = YES;
				GCC_WARN_ABOUT_RETURN_TYPE = YES_ERROR;
				GCC_WARN_UNDECLARED_SELECTOR = YES;
				GCC_WARN_UNINITIALIZED_AUTOS = YES_AGGRESSIVE;
				GCC_WARN_UNUSED_FUNCTION = YES;
				GCC_WARN_UNUSED_VARIABLE = YES;
				IPHONEOS_DEPLOYMENT_TARGET = 26.0;
				LOCALIZATION_PREFERS_STRING_CATALOGS = YES;
				MTL_ENABLE_DEBUG_INFO = INCLUDE_SOURCE;
				MTL_FAST_MATH = YES;
				ONLY_ACTIVE_ARCH = YES;
				SDKROOT = iphoneos;
				SWIFT_ACTIVE_COMPILATION_CONDITIONS = "DEBUG $(inherited)";
				SWIFT_OPTIMIZATION_LEVEL = "-Onone";
			};
			name = Debug;
		};
		55D5B3772EA6B2D500B48BBB /* Release */ = {
			isa = XCBuildConfiguration;
			buildSettings = {
				ALWAYS_SEARCH_USER_PATHS = NO;
				ASSETCATALOG_COMPILER_GENERATE_SWIFT_ASSET_SYMBOL_EXTENSIONS = YES;
				CLANG_ANALYZER_NONNULL = YES;
				CLANG_ANALYZER_NUMBER_OBJECT_CONVERSION = YES_AGGRESSIVE;
				CLANG_CXX_LANGUAGE_STANDARD = "gnu++20";
				CLANG_ENABLE_MODULES = YES;
				CLANG_ENABLE_OBJC_ARC = YES;
				CLANG_ENABLE_OBJC_WEAK = YES;
				CLANG_WARN_BLOCK_CAPTURE_AUTORELEASING = YES;
				CLANG_WARN_BOOL_CONVERSION = YES;
				CLANG_WARN_COMMA = YES;
				CLANG_WARN_CONSTANT_CONVERSION = YES;
				CLANG_WARN_DEPRECATED_OBJC_IMPLEMENTATIONS = YES;
				CLANG_WARN_DIRECT_OBJC_ISA_USAGE = YES_ERROR;
				CLANG_WARN_DOCUMENTATION_COMMENTS = YES;
				CLANG_WARN_EMPTY_BODY = YES;
				CLANG_WARN_ENUM_CONVERSION = YES;
				CLANG_WARN_INFINITE_RECURSION = YES;
				CLANG_WARN_INT_CONVERSION = YES;
				CLANG_WARN_NON_LITERAL_NULL_CONVERSION = YES;
				CLANG_WARN_OBJC_IMPLICIT_RETAIN_SELF = YES;
				CLANG_WARN_OBJC_LITERAL_CONVERSION = YES;
				CLANG_WARN_OBJC_ROOT_CLASS = YES_ERROR;
				CLANG_WARN_QUOTED_INCLUDE_IN_FRAMEWORK_HEADER = YES;
				CLANG_WARN_RANGE_LOOP_ANALYSIS = YES;
				CLANG_WARN_STRICT_PROTOTYPES = YES;
				CLANG_WARN_SUSPICIOUS_MOVE = YES;
				CLANG_WARN_UNGUARDED_AVAILABILITY = YES_AGGRESSIVE;
				CLANG_WARN_UNREACHABLE_CODE = YES;
				CLANG_WARN__DUPLICATE_METHOD_MATCH = YES;
				COPY_PHASE_STRIP = NO;
				DEBUG_INFORMATION_FORMAT = "dwarf-with-dsym";
				ENABLE_NS_ASSERTIONS = NO;
				ENABLE_STRICT_OBJC_MSGSEND = YES;
				ENABLE_USER_SCRIPT_SANDBOXING = YES;
				GCC_C_LANGUAGE_STANDARD = gnu17;
				GCC_NO_COMMON_BLOCKS = YES;
				GCC_WARN_64_TO_32_BIT_CONVERSION = YES;
				GCC_WARN_ABOUT_RETURN_TYPE = YES_ERROR;
				GCC_WARN_UNDECLARED_SELECTOR = YES;
				GCC_WARN_UNINITIALIZED_AUTOS = YES_AGGRESSIVE;
				GCC_WARN_UNUSED_FUNCTION = YES;
				GCC_WARN_UNUSED_VARIABLE = YES;
				IPHONEOS_DEPLOYMENT_TARGET = 26.0;
				LOCALIZATION_PREFERS_STRING_CATALOGS = YES;
				MTL_ENABLE_DEBUG_INFO = NO;
				MTL_FAST_MATH = YES;
				SDKROOT = iphoneos;
				SWIFT_COMPILATION_MODE = wholemodule;
				VALIDATE_PRODUCT = YES;
			};
			name = Release;
		};
		55D5B3792EA6B2D500B48BBB /* Debug */ = {
			isa = XCBuildConfiguration;
			buildSettings = {
				ASSETCATALOG_COMPILER_APPICON_NAME = AppIcon;
				ASSETCATALOG_COMPILER_GLOBAL_ACCENT_COLOR_NAME = AccentColor;
				CODE_SIGN_STYLE = Automatic;
				CURRENT_PROJECT_VERSION = 1;
				ENABLE_PREVIEWS = YES;
				GENERATE_INFOPLIST_FILE = YES;
				INFOPLIST_KEY_NSMicrophoneUsageDescription = "We use the microphone to capture short audio snippets and convert them into musical notation.";
				INFOPLIST_KEY_UIApplicationSceneManifest_Generation = YES;
				INFOPLIST_KEY_UIApplicationSupportsIndirectInputEvents = YES;
				INFOPLIST_KEY_UILaunchScreen_Generation = YES;
				INFOPLIST_KEY_UISupportedInterfaceOrientations_iPad = "UIInterfaceOrientationPortrait UIInterfaceOrientationPortraitUpsideDown UIInterfaceOrientationLandscapeLeft UIInterfaceOrientationLandscapeRight";
				INFOPLIST_KEY_UISupportedInterfaceOrientations_iPhone = "UIInterfaceOrientationPortrait UIInterfaceOrientationLandscapeLeft UIInterfaceOrientationLandscapeRight";
				LD_RUNPATH_SEARCH_PATHS = (
					"$(inherited)",
					"@executable_path/Frameworks",
				);
				MARKETING_VERSION = 1.0;
				PRODUCT_BUNDLE_IDENTIFIER = "ai.gauntlet.miriam-messageAI";
				PRODUCT_NAME = "$(TARGET_NAME)";
				STRING_CATALOG_GENERATE_SYMBOLS = YES;
				SWIFT_APPROACHABLE_CONCURRENCY = YES;
				SWIFT_DEFAULT_ACTOR_ISOLATION = MainActor;
				SWIFT_EMIT_LOC_STRINGS = YES;
				SWIFT_UPCOMING_FEATURE_MEMBER_IMPORT_VISIBILITY = YES;
				SWIFT_VERSION = 5.0;
				TARGETED_DEVICE_FAMILY = "1,2";
			};
			name = Debug;
		};
		55D5B37A2EA6B2D500B48BBB /* Release */ = {
			isa = XCBuildConfiguration;
			buildSettings = {
				ASSETCATALOG_COMPILER_APPICON_NAME = AppIcon;
				ASSETCATALOG_COMPILER_GLOBAL_ACCENT_COLOR_NAME = AccentColor;
				CODE_SIGN_STYLE = Automatic;
				CURRENT_PROJECT_VERSION = 1;
				ENABLE_PREVIEWS = YES;
				GENERATE_INFOPLIST_FILE = YES;
				INFOPLIST_KEY_NSMicrophoneUsageDescription = "We use the microphone to capture short audio snippets and convert them into musical notation.";
				INFOPLIST_KEY_UIApplicationSceneManifest_Generation = YES;
				INFOPLIST_KEY_UIApplicationSupportsIndirectInputEvents = YES;
				INFOPLIST_KEY_UILaunchScreen_Generation = YES;
				INFOPLIST_KEY_UISupportedInterfaceOrientations_iPad = "UIInterfaceOrientationPortrait UIInterfaceOrientationPortraitUpsideDown UIInterfaceOrientationLandscapeLeft UIInterfaceOrientationLandscapeRight";
				INFOPLIST_KEY_UISupportedInterfaceOrientations_iPhone = "UIInterfaceOrientationPortrait UIInterfaceOrientationLandscapeLeft UIInterfaceOrientationLandscapeRight";
				LD_RUNPATH_SEARCH_PATHS = (
					"$(inherited)",
					"@executable_path/Frameworks",
				);
				MARKETING_VERSION = 1.0;
				PRODUCT_BUNDLE_IDENTIFIER = "ai.gauntlet.miriam-messageAI";
				PRODUCT_NAME = "$(TARGET_NAME)";
				STRING_CATALOG_GENERATE_SYMBOLS = YES;
				SWIFT_APPROACHABLE_CONCURRENCY = YES;
				SWIFT_DEFAULT_ACTOR_ISOLATION = MainActor;
				SWIFT_EMIT_LOC_STRINGS = YES;
				SWIFT_UPCOMING_FEATURE_MEMBER_IMPORT_VISIBILITY = YES;
				SWIFT_VERSION = 5.0;
				TARGETED_DEVICE_FAMILY = "1,2";
			};
			name = Release;
		};
/* End XCBuildConfiguration section */

/* Begin XCConfigurationList section */
		55D5B3682EA6B2D400B48BBB /* Build configuration list for PBXProject "messageAI" */ = {
			isa = XCConfigurationList;
			buildConfigurations = (
				55D5B3762EA6B2D500B48BBB /* Debug */,
				55D5B3772EA6B2D500B48BBB /* Release */,
			);
			defaultConfigurationIsVisible = 0;
			defaultConfigurationName = Release;
		};
		55D5B3782EA6B2D500B48BBB /* Build configuration list for PBXNativeTarget "messageAI" */ = {
			isa = XCConfigurationList;
			buildConfigurations = (
				55D5B3792EA6B2D500B48BBB /* Debug */,
				55D5B37A2EA6B2D500B48BBB /* Release */,
			);
			defaultConfigurationIsVisible = 0;
			defaultConfigurationName = Release;
		};
/* End XCConfigurationList section */

/* Begin XCRemoteSwiftPackageReference section */
		55D5B58C2EA6DF2600B48BBB /* XCRemoteSwiftPackageReference "firebase-ios-sdk" */ = {
			isa = XCRemoteSwiftPackageReference;
			repositoryURL = "https://github.com/firebase/firebase-ios-sdk.git";
			requirement = {
				kind = upToNextMajorVersion;
				minimumVersion = 12.4.0;
			};
		};
/* End XCRemoteSwiftPackageReference section */

/* Begin XCSwiftPackageProductDependency section */
		288ADFEBB8BE48BE9E652FB8 /* FirebaseFirestore */ = {
			isa = XCSwiftPackageProductDependency;
			package = 55D5B58C2EA6DF2600B48BBB /* XCRemoteSwiftPackageReference "firebase-ios-sdk" */;
			productName = FirebaseFirestore;
		};
		6E39A41C942547E8B7EE44C2 /* FirebaseAuth */ = {
			isa = XCSwiftPackageProductDependency;
			package = 55D5B58C2EA6DF2600B48BBB /* XCRemoteSwiftPackageReference "firebase-ios-sdk" */;
			productName = FirebaseAuth;
		};
		C6FCEC6F90834969A4F95C50 /* FirebaseStorage */ = {
			isa = XCSwiftPackageProductDependency;
			package = 55D5B58C2EA6DF2600B48BBB /* XCRemoteSwiftPackageReference "firebase-ios-sdk" */;
			productName = FirebaseStorage;
		};
		DA6230BEE9834489BD35DF5E /* FirebaseMessaging */ = {
			isa = XCSwiftPackageProductDependency;
			package = 55D5B58C2EA6DF2600B48BBB /* XCRemoteSwiftPackageReference "firebase-ios-sdk" */;
			productName = FirebaseMessaging;
		};
		FAB6D69668D442FA976A2138 /* FirebaseCore */ = {
			isa = XCSwiftPackageProductDependency;
			package = 55D5B58C2EA6DF2600B48BBB /* XCRemoteSwiftPackageReference "firebase-ios-sdk" */;
			productName = FirebaseCore;
		};
/* End XCSwiftPackageProductDependency section */
	};
	rootObject = 55D5B3652EA6B2D400B48BBB /* Project object */;
}
